
Microsoft Visual Studio Solution File, Format Version 12.00
# Visual Studio Version 17
VisualStudioVersion = 17.14.37111.16 d17.14
MinimumVisualStudioVersion = 10.0.40219.1
Project("{8BC9CEB8-8B4A-11D0-8D11-00A0C91BC942}") = "ClassicPlaneFight", "ClassicPlaneFight\ClassicPlaneFight.vcxproj", "{BA6BA478-7F81-4672-9048-03673354A2FF}"
EndProject
Project("{8BC9CEB8-8B4A-11D0-8D11-00A0C91BC942}") = "SDL3", "D:\SDLLibrary\SDL-release-3.4.4\SDL-release-3.4.4\VisualC\SDL\SDL.vcxproj", "{81CE8DAF-EBB2-4761-8E45-B71ABCCA8C68}"
EndProject
Global
	GlobalSection(SolutionConfigurationPlatforms) = preSolution
		Debug|x64 = Debug|x64
		Debug|x86 = Debug|x86
		Release|x64 = Release|x64
		Release|x86 = Release|x86
	EndGlobalSection
	GlobalSection(ProjectConfigurationPlatforms) = postSolution
		{BA6BA478-7F81-4672-9048-03673354A2FF}.Debug|x64.ActiveCfg = Debug|x64
		{BA6BA478-7F81-4672-9048-03673354A2FF}.Debug|x64.Build.0 = Debug|x64
		{BA6BA478-7F81-4672-9048-03673354A2FF}.Debug|x86.ActiveCfg = Debug|Win32
		{BA6BA478-7F81-4672-9048-03673354A2FF}.Debug|x86.Build.0 = Debug|Win32
		{BA6BA478-7F81-4672-9048-03673354A2FF}.Release|x64.ActiveCfg = Release|x64
		{BA6BA478-7F81-4672-9048-03673354A2FF}.Release|x64.Build.0 = Release|x64
		{BA6BA478-7F81-4672-9048-03673354A2FF}.Release|x86.ActiveCfg = Release|Win32
		{BA6BA478-7F81-4672-9048-03673354A2FF}.Release|x86.Build.0 = Release|Win32
		{81CE8DAF-EBB2-4761-8E45-B71ABCCA8C68}.Debug|x64.ActiveCfg = Debug|x64
		{81CE8DAF-EBB2-4761-8E45-B71ABCCA8C68}.Debug|x64.Build.0 = Debug|x64
		{81CE8DAF-EBB2-4761-8E45-B71ABCCA8C68}.Debug|x86.ActiveCfg = Debug|Win32
		{81CE8DAF-EBB2-4761-8E45-B71ABCCA8C68}.Debug|x86.Build.0 = Debug|Win32
		{81CE8DAF-EBB2-4761-8E45-B71ABCCA8C68}.Release|x64.ActiveCfg = Release|x64
		{81CE8DAF-EBB2-4761-8E45-B71ABCCA8C68}.Release|x64.Build.0 = Release|x64
		{81CE8DAF-EBB2-4761-8E45-B71ABCCA8C68}.Release|x86.ActiveCfg = Release|Win32
		{81CE8DAF-EBB2-4761-8E45-B71ABCCA8C68}.Release|x86.Build.0 = Release|Win32
	EndGlobalSection
	GlobalSection(SolutionProperties) = preSolution
		HideSolutionNode = FALSE
	EndGlobalSection
	GlobalSection(ExtensibilityGlobals) = postSolution
		SolutionGuid = {F790CD31-435E-44A6-AD30-F51DB9E0A4C9}
	EndGlobalSection
EndGlobal
